<?xml version="1.0" encoding="utf-8"?>
<Project ToolsVersion="4.0" xmlns="http://schemas.microsoft.com/developer/msbuild/2003">
  <ItemGroup>
    <Filter Include="Source Files">
      <UniqueIdentifier>{4FC737F1-C7A5-4376-A066-2A32D752A2FF}</UniqueIdentifier>
      <Extensions>cpp;c;cc;cxx;def;odl;idl;hpj;bat;asm;asmx</Extensions>
    </Filter>
    <Filter Include="Header Files">
      <UniqueIdentifier>{93995380-89BD-4b04-88EB-625FBE52EBFB}</UniqueIdentifier>
      <Extensions>h;hh;hpp;hxx;hm;inl;inc;xsd</Extensions>
    </Filter>
    <Filter Include="Resource Files">
      <UniqueIdentifier>{67DA6AB6-F800-4c08-8B7A-83BB121AAD01}</UniqueIdentifier>
      <Extensions>rc;ico;cur;bmp;dlg;rc2;rct;bin;rgs;gif;jpg;jpeg;jpe;resx;tiff;tif;png;wav;mfcribbon-ms</Extensions>
    </Filter>
    <Filter Include="Source Files\Functions">
      <UniqueIdentifier>{b0e6a578-5701-4583-a809-5509f5020d27}</UniqueIdentifier>
    </Filter>
    <Filter Include="Source Files\deps_cpp">
      <UniqueIdentifier>{19be64b4-144f-4400-8df1-f7ffb3c4fd6c}</UniqueIdentifier>
    </Filter>
  </ItemGroup>
  <ItemGroup>
    <ClCompile Include="init.cpp">
      <Filter>Source Files</Filter>
    </ClCompile>
    <ClCompile Include="deps_cpp\InitFunction.cpp">
      <Filter>Source Files\deps_cpp</Filter>
    </ClCompile>
    <ClCompile Include="deps_cpp\Utils.cpp">
      <Filter>Source Files\deps_cpp</Filter>
    </ClCompile>
    <ClCompile Include="Functions\WindowHook.cpp">
      <Filter>Source Files\Functions</Filter>
    </ClCompile>
    <ClCompile Include="Functions\GameLogger.cpp">
      <Filter>Source Files\Functions</Filter>
    </ClCompile>
    <ClCompile Include="Functions\AmdHook.cpp">
      <Filter>Source Files\Functions</Filter>
    </ClCompile>
    <ClCompile Include="Functions\CheatsHook.cpp">
      <Filter>Source Files\Functions</Filter>
    </ClCompile>
  </ItemGroup>
  <ItemGroup>
    <ClInclude Include="idLogger.h">
      <Filter>Header Files</Filter>
    </ClInclude>
  </ItemGroup>
</Project>